
Microsoft Visual Studio Solution File, Format Version 12.00
# Visual Studio Version 17
VisualStudioVersion = 17.11.35222.181
MinimumVisualStudioVersion = 10.0.40219.1
Project("{9A19103F-16F7-4668-BE54-9A1E7A4F7556}") = "FFXV_Full_Lines_DB", "FFXV_Full_Lines_DB\FFXV_Full_Lines_DB.csproj", "{4DEB6F79-548C-49C6-AC09-7D8E0EC32246}"
EndProject
Project("{2150E333-8FDC-42A3-9474-1A3956D46DE8}") = "Solution Items", "Solution Items", "{BA2466C0-5359-4197-B45E-6597ED5B7ADC}"
EndProject
Global
	GlobalSection(SolutionConfigurationPlatforms) = preSolution
		Debug|Any CPU = Debug|Any CPU
		Release|Any CPU = Release|Any CPU
	EndGlobalSection
	GlobalSection(ProjectConfigurationPlatforms) = postSolution
		{4DEB6F79-548C-49C6-AC09-7D8E0EC32246}.Debug|Any CPU.ActiveCfg = Debug|Any CPU
		{4DEB6F79-548C-49C6-AC09-7D8E0EC32246}.Debug|Any CPU.Build.0 = Debug|Any CPU
		{4DEB6F79-548C-49C6-AC09-7D8E0EC32246}.Release|Any CPU.ActiveCfg = Release|Any CPU
		{4DEB6F79-548C-49C6-AC09-7D8E0EC32246}.Release|Any CPU.Build.0 = Release|Any CPU
	EndGlobalSection
	GlobalSection(SolutionProperties) = preSolution
		HideSolutionNode = FALSE
	EndGlobalSection
	GlobalSection(ExtensibilityGlobals) = postSolution
		SolutionGuid = {BFFCD219-F24E-457A-AE2A-24704F4531C6}
	EndGlobalSection
EndGlobal
